// !$*UTF8*$!
{
	archiveVersion = 1;
	classes = {
	};
	objectVersion = 51;
	objects = {

/* Begin PBXBuildFile section */
		1C0CB4EA240EFB4600F7DD32 /* AppDelegate.swift in Sources */ = {isa = PBXBuildFile; fileRef = 1C0CB4E9240EFB4600F7DD32 /* AppDelegate.swift */; };
		1C0CB4F1240EFB4700F7DD32 /* Assets.xcassets in Resources */ = {isa = PBXBuildFile; fileRef = 1C0CB4F0240EFB4700F7DD32 /* Assets.xcassets */; };
		1C0CB4F4240EFB4700F7DD32 /* LaunchScreen.storyboard in Resources */ = {isa = PBXBuildFile; fileRef = 1C0CB4F2240EFB4700F7DD32 /* LaunchScreen.storyboard */; };
		1C0CB51F240F031D00F7DD32 /* ViewModelType.swift in Sources */ = {isa = PBXBuildFile; fileRef = 1C0CB51E240F031D00F7DD32 /* ViewModelType.swift */; };
		1C0CB521240F4CE700F7DD32 /* ServerViewModel.swift in Sources */ = {isa = PBXBuildFile; fileRef = 1C0CB520240F4CE700F7DD32 /* ServerViewModel.swift */; };
		1C0CB523240F4D0400F7DD32 /* ServerViewController.swift in Sources */ = {isa = PBXBuildFile; fileRef = 1C0CB522240F4D0400F7DD32 /* ServerViewController.swift */; };
		1C0CB527240F4D2600F7DD32 /* ServerViewModelTests.swift in Sources */ = {isa = PBXBuildFile; fileRef = 1C0CB526240F4D2600F7DD32 /* ServerViewModelTests.swift */; };
		1C0CB529240F4D6B00F7DD32 /* ServerViewControllerUITests.swift in Sources */ = {isa = PBXBuildFile; fileRef = 1C0CB528240F4D6B00F7DD32 /* ServerViewControllerUITests.swift */; };
		1C0CB530240F4E3400F7DD32 /* Coordinator.swift in Sources */ = {isa = PBXBuildFile; fileRef = 1C0CB52F240F4E3400F7DD32 /* Coordinator.swift */; };
		1C0CB53B240FC11A00F7DD32 /* Validator.swift in Sources */ = {isa = PBXBuildFile; fileRef = 1C0CB53A240FC11A00F7DD32 /* Validator.swift */; };
		1C0CB53D240FC13300F7DD32 /* ValidatorTests.swift in Sources */ = {isa = PBXBuildFile; fileRef = 1C0CB53C240FC13300F7DD32 /* ValidatorTests.swift */; };
		1C0CB59D240FD0C700F7DD32 /* Localizable.strings in Resources */ = {isa = PBXBuildFile; fileRef = 1C0CB59F240FD0C700F7DD32 /* Localizable.strings */; };
		1C0CB5A3240FD1B200F7DD32 /* String+VServer.swift in Sources */ = {isa = PBXBuildFile; fileRef = 1C0CB5A2240FD1B200F7DD32 /* String+VServer.swift */; };
		1C0CB5A7240FD66F00F7DD32 /* Networking.swift in Sources */ = {isa = PBXBuildFile; fileRef = 1C0CB5A6240FD66F00F7DD32 /* Networking.swift */; };
		1C0CB5AA240FEB4100F7DD32 /* Server.storyboard in Resources */ = {isa = PBXBuildFile; fileRef = 1C0CB5A9240FEB4100F7DD32 /* Server.storyboard */; };
		1C0CB5AD240FEE0400F7DD32 /* UITextField+Rx.swift in Sources */ = {isa = PBXBuildFile; fileRef = 1C0CB5AC240FEE0400F7DD32 /* UITextField+Rx.swift */; };
		1C0CB5B2240FEF8E00F7DD32 /* UIViewController+Storyboard.swift in Sources */ = {isa = PBXBuildFile; fileRef = 1C0CB5B1240FEF8E00F7DD32 /* UIViewController+Storyboard.swift */; };
		1C3C96A2240FF7CD00F9E5AC /* XCUIElement+VServer.swift in Sources */ = {isa = PBXBuildFile; fileRef = 1C3C96A1240FF7CD00F9E5AC /* XCUIElement+VServer.swift */; };
		1C3C96A52410090B00F9E5AC /* ViewHelper.swift in Sources */ = {isa = PBXBuildFile; fileRef = 1C3C96A42410090B00F9E5AC /* ViewHelper.swift */; };
		1C3C96A724105F4C00F9E5AC /* SuccessViewModel.swift in Sources */ = {isa = PBXBuildFile; fileRef = 1C3C96A624105F4C00F9E5AC /* SuccessViewModel.swift */; };
		1C3C96A924105F5800F9E5AC /* SuccessViewModelTests.swift in Sources */ = {isa = PBXBuildFile; fileRef = 1C3C96A824105F5800F9E5AC /* SuccessViewModelTests.swift */; };
		1C3C96AD24105F7C00F9E5AC /* SuccessViewController.swift in Sources */ = {isa = PBXBuildFile; fileRef = 1C3C96AC24105F7C00F9E5AC /* SuccessViewController.swift */; };
		1C3C96B124105FAD00F9E5AC /* LoginViewModel.swift in Sources */ = {isa = PBXBuildFile; fileRef = 1C3C96B024105FAD00F9E5AC /* LoginViewModel.swift */; };
		1C3C96B324105FBA00F9E5AC /* LoginViewController.swift in Sources */ = {isa = PBXBuildFile; fileRef = 1C3C96B224105FBA00F9E5AC /* LoginViewController.swift */; };
		1C3C96B524105FC800F9E5AC /* LoginViewModelTests.swift in Sources */ = {isa = PBXBuildFile; fileRef = 1C3C96B424105FC800F9E5AC /* LoginViewModelTests.swift */; };
		1C3C96BB24105FF400F9E5AC /* Login.storyboard in Resources */ = {isa = PBXBuildFile; fileRef = 1C3C96BA24105FF400F9E5AC /* Login.storyboard */; };
		1C3C96BD24105FFE00F9E5AC /* Success.storyboard in Resources */ = {isa = PBXBuildFile; fileRef = 1C3C96BC24105FFE00F9E5AC /* Success.storyboard */; };
		1C3C96BE2410661E00F9E5AC /* SuccessViewControllerUITests.swift in Sources */ = {isa = PBXBuildFile; fileRef = 1C3C96AA24105F6B00F9E5AC /* SuccessViewControllerUITests.swift */; };
		1C3C96BF2410662700F9E5AC /* LoginViewControllerUITests.swift in Sources */ = {isa = PBXBuildFile; fileRef = 1C3C96B624105FD800F9E5AC /* LoginViewControllerUITests.swift */; };
		1C3C96CE2410672600F9E5AC /* SuccessViewControllerSnapshotTests.swift in Sources */ = {isa = PBXBuildFile; fileRef = 1C3C96AE24105F9400F9E5AC /* SuccessViewControllerSnapshotTests.swift */; };
		1C3C96CF2410672D00F9E5AC /* LoginViewControllerSnapshotTests.swift in Sources */ = {isa = PBXBuildFile; fileRef = 1C3C96B824105FE800F9E5AC /* LoginViewControllerSnapshotTests.swift */; };
		1C3C96D02410673200F9E5AC /* ServerViewControllerSnapshotTests.swift in Sources */ = {isa = PBXBuildFile; fileRef = 1C0CB52A240F4D9600F7DD32 /* ServerViewControllerSnapshotTests.swift */; };
		1C3C96D224109F4900F9E5AC /* Networking+Rx.swift in Sources */ = {isa = PBXBuildFile; fileRef = 1C3C96D124109F4900F9E5AC /* Networking+Rx.swift */; };
		1C3C96D42410BDE300F9E5AC /* Coordinator+Rx.swift in Sources */ = {isa = PBXBuildFile; fileRef = 1C3C96D32410BDE300F9E5AC /* Coordinator+Rx.swift */; };
		2AD0EE4B2B2835CCBC06005D /* Pods_VServer.framework in Frameworks */ = {isa = PBXBuildFile; fileRef = ADC8142410BDEDC0E5AD64F4 /* Pods_VServer.framework */; };
		C9C1E50F7B3E1FEFB53C5F5F /* Pods_VServer_VServerUITests.framework in Frameworks */ = {isa = PBXBuildFile; fileRef = E59003E6C1C7C1D950F7E2B3 /* Pods_VServer_VServerUITests.framework */; };
		D50A6D65DC7B8F9F987C0AB5 /* Pods_VServerTests.framework in Frameworks */ = {isa = PBXBuildFile; fileRef = 99B7F228526DAE1C41F09591 /* Pods_VServerTests.framework */; };
/* End PBXBuildFile section */

/* Begin PBXContainerItemProxy section */
		1C0CB4FB240EFB4700F7DD32 /* PBXContainerItemProxy */ = {
			isa = PBXContainerItemProxy;
			containerPortal = 1C0CB4DE240EFB4600F7DD32 /* Project object */;
			proxyType = 1;
			remoteGlobalIDString = 1C0CB4E5240EFB4600F7DD32;
			remoteInfo = VServer;
		};
		1C0CB506240EFB4700F7DD32 /* PBXContainerItemProxy */ = {
			isa = PBXContainerItemProxy;
			containerPortal = 1C0CB4DE240EFB4600F7DD32 /* Project object */;
			proxyType = 1;
			remoteGlobalIDString = 1C0CB4E5240EFB4600F7DD32;
			remoteInfo = VServer;
		};
		1C3C96C9241066B800F9E5AC /* PBXContainerItemProxy */ = {
			isa = PBXContainerItemProxy;
			containerPortal = 1C0CB4DE240EFB4600F7DD32 /* Project object */;
			proxyType = 1;
			remoteGlobalIDString = 1C0CB4E5240EFB4600F7DD32;
			remoteInfo = VServer;
		};
/* End PBXContainerItemProxy section */

/* Begin PBXFileReference section */
		1C0CB4E6240EFB4600F7DD32 /* VServer.app */ = {isa = PBXFileReference; explicitFileType = wrapper.application; includeInIndex = 0; path = VServer.app; sourceTree = BUILT_PRODUCTS_DIR; };
		1C0CB4E9240EFB4600F7DD32 /* AppDelegate.swift */ = {isa = PBXFileReference; lastKnownFileType = sourcecode.swift; path = AppDelegate.swift; sourceTree = "<group>"; };
		1C0CB4F0240EFB4700F7DD32 /* Assets.xcassets */ = {isa = PBXFileReference; lastKnownFileType = folder.assetcatalog; path = Assets.xcassets; sourceTree = "<group>"; };
		1C0CB4F3240EFB4700F7DD32 /* Base */ = {isa = PBXFileReference; lastKnownFileType = file.storyboard; name = Base; path = Base.lproj/LaunchScreen.storyboard; sourceTree = "<group>"; };
		1C0CB4F5240EFB4700F7DD32 /* Info.plist */ = {isa = PBXFileReference; lastKnownFileType = text.plist.xml; path = Info.plist; sourceTree = "<group>"; };
		1C0CB4FA240EFB4700F7DD32 /* VServerTests.xctest */ = {isa = PBXFileReference; explicitFileType = wrapper.cfbundle; includeInIndex = 0; path = VServerTests.xctest; sourceTree = BUILT_PRODUCTS_DIR; };
		1C0CB500240EFB4700F7DD32 /* Info.plist */ = {isa = PBXFileReference; lastKnownFileType = text.plist.xml; path = Info.plist; sourceTree = "<group>"; };
		1C0CB505240EFB4700F7DD32 /* VServerUITests.xctest */ = {isa = PBXFileReference; explicitFileType = wrapper.cfbundle; includeInIndex = 0; path = VServerUITests.xctest; sourceTree = BUILT_PRODUCTS_DIR; };
		1C0CB50B240EFB4700F7DD32 /* Info.plist */ = {isa = PBXFileReference; lastKnownFileType = text.plist.xml; path = Info.plist; sourceTree = "<group>"; };
		1C0CB51E240F031D00F7DD32 /* ViewModelType.swift */ = {isa = PBXFileReference; lastKnownFileType = sourcecode.swift; path = ViewModelType.swift; sourceTree = "<group>"; };
		1C0CB520240F4CE700F7DD32 /* ServerViewModel.swift */ = {isa = PBXFileReference; lastKnownFileType = sourcecode.swift; path = ServerViewModel.swift; sourceTree = "<group>"; };
		1C0CB522240F4D0400F7DD32 /* ServerViewController.swift */ = {isa = PBXFileReference; lastKnownFileType = sourcecode.swift; path = ServerViewController.swift; sourceTree = "<group>"; };
		1C0CB526240F4D2600F7DD32 /* ServerViewModelTests.swift */ = {isa = PBXFileReference; lastKnownFileType = sourcecode.swift; path = ServerViewModelTests.swift; sourceTree = "<group>"; };
		1C0CB528240F4D6B00F7DD32 /* ServerViewControllerUITests.swift */ = {isa = PBXFileReference; lastKnownFileType = sourcecode.swift; path = ServerViewControllerUITests.swift; sourceTree = "<group>"; };
		1C0CB52A240F4D9600F7DD32 /* ServerViewControllerSnapshotTests.swift */ = {isa = PBXFileReference; lastKnownFileType = sourcecode.swift; path = ServerViewControllerSnapshotTests.swift; sourceTree = "<group>"; };
		1C0CB52F240F4E3400F7DD32 /* Coordinator.swift */ = {isa = PBXFileReference; lastKnownFileType = sourcecode.swift; path = Coordinator.swift; sourceTree = "<group>"; };
		1C0CB53A240FC11A00F7DD32 /* Validator.swift */ = {isa = PBXFileReference; lastKnownFileType = sourcecode.swift; path = Validator.swift; sourceTree = "<group>"; };
		1C0CB53C240FC13300F7DD32 /* ValidatorTests.swift */ = {isa = PBXFileReference; lastKnownFileType = sourcecode.swift; path = ValidatorTests.swift; sourceTree = "<group>"; };
		1C0CB53E240FC69A00F7DD32 /* README.md */ = {isa = PBXFileReference; lastKnownFileType = net.daringfireball.markdown; path = README.md; sourceTree = "<group>"; };
		1C0CB599240FD0B000F7DD32 /* fr */ = {isa = PBXFileReference; lastKnownFileType = text.plist.strings; name = fr; path = fr.lproj/LaunchScreen.strings; sourceTree = "<group>"; };
		1C0CB59E240FD0C700F7DD32 /* en */ = {isa = PBXFileReference; lastKnownFileType = text.plist.strings; name = en; path = en.lproj/Localizable.strings; sourceTree = "<group>"; };
		1C0CB5A0240FD0CB00F7DD32 /* fr */ = {isa = PBXFileReference; lastKnownFileType = text.plist.strings; name = fr; path = fr.lproj/Localizable.strings; sourceTree = "<group>"; };
		1C0CB5A2240FD1B200F7DD32 /* String+VServer.swift */ = {isa = PBXFileReference; lastKnownFileType = sourcecode.swift; path = "String+VServer.swift"; sourceTree = "<group>"; };
		1C0CB5A6240FD66F00F7DD32 /* Networking.swift */ = {isa = PBXFileReference; fileEncoding = 4; lastKnownFileType = sourcecode.swift; path = Networking.swift; sourceTree = "<group>"; };
		1C0CB5A9240FEB4100F7DD32 /* Server.storyboard */ = {isa = PBXFileReference; fileEncoding = 4; lastKnownFileType = file.storyboard; path = Server.storyboard; sourceTree = "<group>"; };
		1C0CB5AC240FEE0400F7DD32 /* UITextField+Rx.swift */ = {isa = PBXFileReference; lastKnownFileType = sourcecode.swift; path = "UITextField+Rx.swift"; sourceTree = "<group>"; };
		1C0CB5B1240FEF8E00F7DD32 /* UIViewController+Storyboard.swift */ = {isa = PBXFileReference; lastKnownFileType = sourcecode.swift; path = "UIViewController+Storyboard.swift"; sourceTree = "<group>"; };
		1C3C96A1240FF7CD00F9E5AC /* XCUIElement+VServer.swift */ = {isa = PBXFileReference; lastKnownFileType = sourcecode.swift; path = "XCUIElement+VServer.swift"; sourceTree = "<group>"; };
		1C3C96A42410090B00F9E5AC /* ViewHelper.swift */ = {isa = PBXFileReference; lastKnownFileType = sourcecode.swift; path = ViewHelper.swift; sourceTree = "<group>"; };
		1C3C96A624105F4C00F9E5AC /* SuccessViewModel.swift */ = {isa = PBXFileReference; lastKnownFileType = sourcecode.swift; path = SuccessViewModel.swift; sourceTree = "<group>"; };
		1C3C96A824105F5800F9E5AC /* SuccessViewModelTests.swift */ = {isa = PBXFileReference; lastKnownFileType = sourcecode.swift; path = SuccessViewModelTests.swift; sourceTree = "<group>"; };
		1C3C96AA24105F6B00F9E5AC /* SuccessViewControllerUITests.swift */ = {isa = PBXFileReference; lastKnownFileType = sourcecode.swift; path = SuccessViewControllerUITests.swift; sourceTree = "<group>"; };
		1C3C96AC24105F7C00F9E5AC /* SuccessViewController.swift */ = {isa = PBXFileReference; lastKnownFileType = sourcecode.swift; path = SuccessViewController.swift; sourceTree = "<group>"; };
		1C3C96AE24105F9400F9E5AC /* SuccessViewControllerSnapshotTests.swift */ = {isa = PBXFileReference; lastKnownFileType = sourcecode.swift; path = SuccessViewControllerSnapshotTests.swift; sourceTree = "<group>"; };
		1C3C96B024105FAD00F9E5AC /* LoginViewModel.swift */ = {isa = PBXFileReference; lastKnownFileType = sourcecode.swift; path = LoginViewModel.swift; sourceTree = "<group>"; };
		1C3C96B224105FBA00F9E5AC /* LoginViewController.swift */ = {isa = PBXFileReference; lastKnownFileType = sourcecode.swift; path = LoginViewController.swift; sourceTree = "<group>"; };
		1C3C96B424105FC800F9E5AC /* LoginViewModelTests.swift */ = {isa = PBXFileReference; lastKnownFileType = sourcecode.swift; path = LoginViewModelTests.swift; sourceTree = "<group>"; };
		1C3C96B624105FD800F9E5AC /* LoginViewControllerUITests.swift */ = {isa = PBXFileReference; lastKnownFileType = sourcecode.swift; path = LoginViewControllerUITests.swift; sourceTree = "<group>"; };
		1C3C96B824105FE800F9E5AC /* LoginViewControllerSnapshotTests.swift */ = {isa = PBXFileReference; lastKnownFileType = sourcecode.swift; path = LoginViewControllerSnapshotTests.swift; sourceTree = "<group>"; };
		1C3C96BA24105FF400F9E5AC /* Login.storyboard */ = {isa = PBXFileReference; lastKnownFileType = file.storyboard; path = Login.storyboard; sourceTree = "<group>"; };
		1C3C96BC24105FFE00F9E5AC /* Success.storyboard */ = {isa = PBXFileReference; lastKnownFileType = file.storyboard; path = Success.storyboard; sourceTree = "<group>"; };
		1C3C96C4241066B800F9E5AC /* VServerSnapshotTests.xctest */ = {isa = PBXFileReference; explicitFileType = wrapper.cfbundle; includeInIndex = 0; path = VServerSnapshotTests.xctest; sourceTree = BUILT_PRODUCTS_DIR; };
		1C3C96C8241066B800F9E5AC /* Info.plist */ = {isa = PBXFileReference; lastKnownFileType = text.plist.xml; path = Info.plist; sourceTree = "<group>"; };
		1C3C96D124109F4900F9E5AC /* Networking+Rx.swift */ = {isa = PBXFileReference; lastKnownFileType = sourcecode.swift; path = "Networking+Rx.swift"; sourceTree = "<group>"; };
		1C3C96D32410BDE300F9E5AC /* Coordinator+Rx.swift */ = {isa = PBXFileReference; lastKnownFileType = sourcecode.swift; path = "Coordinator+Rx.swift"; sourceTree = "<group>"; };
		43A5C25CA618F1099EDF11B6 /* Pods-VServerTests.debug.xcconfig */ = {isa = PBXFileReference; includeInIndex = 1; lastKnownFileType = text.xcconfig; name = "Pods-VServerTests.debug.xcconfig"; path = "Target Support Files/Pods-VServerTests/Pods-VServerTests.debug.xcconfig"; sourceTree = "<group>"; };
		5708F70223FCCDBDBCF329C1 /* Pods-VServerTests.release.xcconfig */ = {isa = PBXFileReference; includeInIndex = 1; lastKnownFileType = text.xcconfig; name = "Pods-VServerTests.release.xcconfig"; path = "Target Support Files/Pods-VServerTests/Pods-VServerTests.release.xcconfig"; sourceTree = "<group>"; };
		766FB39E53E89ADB105DE4A0 /* Pods-VServer-VServerUITests.release.xcconfig */ = {isa = PBXFileReference; includeInIndex = 1; lastKnownFileType = text.xcconfig; name = "Pods-VServer-VServerUITests.release.xcconfig"; path = "Target Support Files/Pods-VServer-VServerUITests/Pods-VServer-VServerUITests.release.xcconfig"; sourceTree = "<group>"; };
		8FDC12A9702BC1C4976B521D /* Pods-VServer.debug.xcconfig */ = {isa = PBXFileReference; includeInIndex = 1; lastKnownFileType = text.xcconfig; name = "Pods-VServer.debug.xcconfig"; path = "Target Support Files/Pods-VServer/Pods-VServer.debug.xcconfig"; sourceTree = "<group>"; };
		99B7F228526DAE1C41F09591 /* Pods_VServerTests.framework */ = {isa = PBXFileReference; explicitFileType = wrapper.framework; includeInIndex = 0; path = Pods_VServerTests.framework; sourceTree = BUILT_PRODUCTS_DIR; };
		ADC8142410BDEDC0E5AD64F4 /* Pods_VServer.framework */ = {isa = PBXFileReference; explicitFileType = wrapper.framework; includeInIndex = 0; path = Pods_VServer.framework; sourceTree = BUILT_PRODUCTS_DIR; };
		D2998B1BF1C5589688CE61EC /* Pods-VServer.release.xcconfig */ = {isa = PBXFileReference; includeInIndex = 1; lastKnownFileType = text.xcconfig; name = "Pods-VServer.release.xcconfig"; path = "Target Support Files/Pods-VServer/Pods-VServer.release.xcconfig"; sourceTree = "<group>"; };
		E0D8C849199369E1C826E96C /* Pods-VServer-VServerUITests.debug.xcconfig */ = {isa = PBXFileReference; includeInIndex = 1; lastKnownFileType = text.xcconfig; name = "Pods-VServer-VServerUITests.debug.xcconfig"; path = "Target Support Files/Pods-VServer-VServerUITests/Pods-VServer-VServerUITests.debug.xcconfig"; sourceTree = "<group>"; };
		E59003E6C1C7C1D950F7E2B3 /* Pods_VServer_VServerUITests.framework */ = {isa = PBXFileReference; explicitFileType = wrapper.framework; includeInIndex = 0; path = Pods_VServer_VServerUITests.framework; sourceTree = BUILT_PRODUCTS_DIR; };
/* End PBXFileReference section */

/* Begin PBXFrameworksBuildPhase section */
		1C0CB4E3240EFB4600F7DD32 /* Frameworks */ = {
			isa = PBXFrameworksBuildPhase;
			buildActionMask = 2147483647;
			files = (
				2AD0EE4B2B2835CCBC06005D /* Pods_VServer.framework in Frameworks */,
			);
			runOnlyForDeploymentPostprocessing = 0;
		};
		1C0CB4F7240EFB4700F7DD32 /* Frameworks */ = {
			isa = PBXFrameworksBuildPhase;
			buildActionMask = 2147483647;
			files = (
				D50A6D65DC7B8F9F987C0AB5 /* Pods_VServerTests.framework in Frameworks */,
			);
			runOnlyForDeploymentPostprocessing = 0;
		};
		1C0CB502240EFB4700F7DD32 /* Frameworks */ = {
			isa = PBXFrameworksBuildPhase;
			buildActionMask = 2147483647;
			files = (
				C9C1E50F7B3E1FEFB53C5F5F /* Pods_VServer_VServerUITests.framework in Frameworks */,
			);
			runOnlyForDeploymentPostprocessing = 0;
		};
		1C3C96C1241066B800F9E5AC /* Frameworks */ = {
			isa = PBXFrameworksBuildPhase;
			buildActionMask = 2147483647;
			files = (
			);
			runOnlyForDeploymentPostprocessing = 0;
		};
/* End PBXFrameworksBuildPhase section */

/* Begin PBXGroup section */
		03CB216C990B6A2DC127084E /* Frameworks */ = {
			isa = PBXGroup;
			children = (
				ADC8142410BDEDC0E5AD64F4 /* Pods_VServer.framework */,
				E59003E6C1C7C1D950F7E2B3 /* Pods_VServer_VServerUITests.framework */,
				99B7F228526DAE1C41F09591 /* Pods_VServerTests.framework */,
			);
			name = Frameworks;
			sourceTree = "<group>";
		};
		1C0CB4DD240EFB4600F7DD32 = {
			isa = PBXGroup;
			children = (
				1C0CB53E240FC69A00F7DD32 /* README.md */,
				1C0CB5A5240FD66F00F7DD32 /* Vaion */,
				1C0CB4E8240EFB4600F7DD32 /* VServer */,
				1C0CB4FD240EFB4700F7DD32 /* VServerTests */,
				1C0CB508240EFB4700F7DD32 /* VServerUITests */,
				1C3C96C5241066B800F9E5AC /* VServerSnapshotTests */,
				1C0CB4E7240EFB4600F7DD32 /* Products */,
				9D5A1A9542CC1F584F88C665 /* Pods */,
				03CB216C990B6A2DC127084E /* Frameworks */,
			);
			sourceTree = "<group>";
		};
		1C0CB4E7240EFB4600F7DD32 /* Products */ = {
			isa = PBXGroup;
			children = (
				1C0CB4E6240EFB4600F7DD32 /* VServer.app */,
				1C0CB4FA240EFB4700F7DD32 /* VServerTests.xctest */,
				1C0CB505240EFB4700F7DD32 /* VServerUITests.xctest */,
				1C3C96C4241066B800F9E5AC /* VServerSnapshotTests.xctest */,
			);
			name = Products;
			sourceTree = "<group>";
		};
		1C0CB4E8240EFB4600F7DD32 /* VServer */ = {
			isa = PBXGroup;
			children = (
				1C0CB5AB240FEDD500F7DD32 /* Rx */,
				1C0CB52C240F4DEA00F7DD32 /* Coordinator */,
				1C0CB531240F50AF00F7DD32 /* Network */,
				1C0CB518240F02BE00F7DD32 /* Views */,
				1C0CB5A1240FD19A00F7DD32 /* Helper */,
				1C0CB59A240FD0B600F7DD32 /* Resources */,
				1C0CB517240F02B000F7DD32 /* Main */,
				1C0CB4F0240EFB4700F7DD32 /* Assets.xcassets */,
				1C0CB4F2240EFB4700F7DD32 /* LaunchScreen.storyboard */,
				1C0CB4F5240EFB4700F7DD32 /* Info.plist */,
			);
			path = VServer;
			sourceTree = "<group>";
		};
		1C0CB4FD240EFB4700F7DD32 /* VServerTests */ = {
			isa = PBXGroup;
			children = (
				1C0CB500240EFB4700F7DD32 /* Info.plist */,
			);
			path = VServerTests;
			sourceTree = "<group>";
		};
		1C0CB508240EFB4700F7DD32 /* VServerUITests */ = {
			isa = PBXGroup;
			children = (
				1C0CB50B240EFB4700F7DD32 /* Info.plist */,
				1C3C96A1240FF7CD00F9E5AC /* XCUIElement+VServer.swift */,
			);
			path = VServerUITests;
			sourceTree = "<group>";
		};
		1C0CB517240F02B000F7DD32 /* Main */ = {
			isa = PBXGroup;
			children = (
				1C0CB4E9240EFB4600F7DD32 /* AppDelegate.swift */,
			);
			path = Main;
			sourceTree = "<group>";
		};
		1C0CB518240F02BE00F7DD32 /* Views */ = {
			isa = PBXGroup;
			children = (
				1C3C96A3241008FD00F9E5AC /* Placeholder */,
				1C0CB535240FC10C00F7DD32 /* Validator */,
				1C0CB51D240F030E00F7DD32 /* Base */,
				1C0CB51B240F02F200F7DD32 /* Success */,
				1C0CB51A240F02EB00F7DD32 /* Login */,
				1C0CB519240F02D900F7DD32 /* Server */,
			);
			path = Views;
			sourceTree = "<group>";
		};
		1C0CB519240F02D900F7DD32 /* Server */ = {
			isa = PBXGroup;
			children = (
				1C0CB5A9240FEB4100F7DD32 /* Server.storyboard */,
				1C0CB520240F4CE700F7DD32 /* ServerViewModel.swift */,
				1C0CB526240F4D2600F7DD32 /* ServerViewModelTests.swift */,
				1C0CB522240F4D0400F7DD32 /* ServerViewController.swift */,
				1C0CB528240F4D6B00F7DD32 /* ServerViewControllerUITests.swift */,
				1C0CB52A240F4D9600F7DD32 /* ServerViewControllerSnapshotTests.swift */,
			);
			path = Server;
			sourceTree = "<group>";
		};
		1C0CB51A240F02EB00F7DD32 /* Login */ = {
			isa = PBXGroup;
			children = (
				1C3C96B024105FAD00F9E5AC /* LoginViewModel.swift */,
				1C3C96B224105FBA00F9E5AC /* LoginViewController.swift */,
				1C3C96B424105FC800F9E5AC /* LoginViewModelTests.swift */,
				1C3C96B624105FD800F9E5AC /* LoginViewControllerUITests.swift */,
				1C3C96B824105FE800F9E5AC /* LoginViewControllerSnapshotTests.swift */,
				1C3C96BA24105FF400F9E5AC /* Login.storyboard */,
			);
			path = Login;
			sourceTree = "<group>";
		};
		1C0CB51B240F02F200F7DD32 /* Success */ = {
			isa = PBXGroup;
			children = (
				1C3C96A624105F4C00F9E5AC /* SuccessViewModel.swift */,
				1C3C96A824105F5800F9E5AC /* SuccessViewModelTests.swift */,
				1C3C96AA24105F6B00F9E5AC /* SuccessViewControllerUITests.swift */,
				1C3C96AC24105F7C00F9E5AC /* SuccessViewController.swift */,
				1C3C96BC24105FFE00F9E5AC /* Success.storyboard */,
				1C3C96AE24105F9400F9E5AC /* SuccessViewControllerSnapshotTests.swift */,
			);
			path = Success;
			sourceTree = "<group>";
		};
		1C0CB51D240F030E00F7DD32 /* Base */ = {
			isa = PBXGroup;
			children = (
				1C0CB51E240F031D00F7DD32 /* ViewModelType.swift */,
			);
			path = Base;
			sourceTree = "<group>";
		};
		1C0CB52C240F4DEA00F7DD32 /* Coordinator */ = {
			isa = PBXGroup;
			children = (
				1C0CB52F240F4E3400F7DD32 /* Coordinator.swift */,
				1C3C96D32410BDE300F9E5AC /* Coordinator+Rx.swift */,
			);
			path = Coordinator;
			sourceTree = "<group>";
		};
		1C0CB531240F50AF00F7DD32 /* Network */ = {
			isa = PBXGroup;
			children = (
				1C3C96D124109F4900F9E5AC /* Networking+Rx.swift */,
			);
			path = Network;
			sourceTree = "<group>";
		};
		1C0CB535240FC10C00F7DD32 /* Validator */ = {
			isa = PBXGroup;
			children = (
				1C0CB53A240FC11A00F7DD32 /* Validator.swift */,
				1C0CB53C240FC13300F7DD32 /* ValidatorTests.swift */,
			);
			path = Validator;
			sourceTree = "<group>";
		};
		1C0CB59A240FD0B600F7DD32 /* Resources */ = {
			isa = PBXGroup;
			children = (
				1C0CB59F240FD0C700F7DD32 /* Localizable.strings */,
			);
			path = Resources;
			sourceTree = "<group>";
		};
		1C0CB5A1240FD19A00F7DD32 /* Helper */ = {
			isa = PBXGroup;
			children = (
				1C0CB5A2240FD1B200F7DD32 /* String+VServer.swift */,
				1C0CB5B1240FEF8E00F7DD32 /* UIViewController+Storyboard.swift */,
			);
			path = Helper;
			sourceTree = "<group>";
		};
		1C0CB5A5240FD66F00F7DD32 /* Vaion */ = {
			isa = PBXGroup;
			children = (
				1C0CB5A6240FD66F00F7DD32 /* Networking.swift */,
			);
			path = Vaion;
			sourceTree = "<group>";
		};
		1C0CB5AB240FEDD500F7DD32 /* Rx */ = {
			isa = PBXGroup;
			children = (
				1C0CB5AC240FEE0400F7DD32 /* UITextField+Rx.swift */,
			);
			path = Rx;
			sourceTree = "<group>";
		};
		1C3C96A3241008FD00F9E5AC /* Placeholder */ = {
			isa = PBXGroup;
			children = (
				1C3C96A42410090B00F9E5AC /* ViewHelper.swift */,
			);
			path = Placeholder;
			sourceTree = "<group>";
		};
		1C3C96C5241066B800F9E5AC /* VServerSnapshotTests */ = {
			isa = PBXGroup;
			children = (
				1C3C96C8241066B800F9E5AC /* Info.plist */,
			);
			path = VServerSnapshotTests;
			sourceTree = "<group>";
		};
		9D5A1A9542CC1F584F88C665 /* Pods */ = {
			isa = PBXGroup;
			children = (
				8FDC12A9702BC1C4976B521D /* Pods-VServer.debug.xcconfig */,
				D2998B1BF1C5589688CE61EC /* Pods-VServer.release.xcconfig */,
				E0D8C849199369E1C826E96C /* Pods-VServer-VServerUITests.debug.xcconfig */,
				766FB39E53E89ADB105DE4A0 /* Pods-VServer-VServerUITests.release.xcconfig */,
				43A5C25CA618F1099EDF11B6 /* Pods-VServerTests.debug.xcconfig */,
				5708F70223FCCDBDBCF329C1 /* Pods-VServerTests.release.xcconfig */,
			);
			path = Pods;
			sourceTree = "<group>";
		};
/* End PBXGroup section */

/* Begin PBXNativeTarget section */
		1C0CB4E5240EFB4600F7DD32 /* VServer */ = {
			isa = PBXNativeTarget;
			buildConfigurationList = 1C0CB50E240EFB4700F7DD32 /* Build configuration list for PBXNativeTarget "VServer" */;
			buildPhases = (
				B091A1C28C8E236D6F12311E /* [CP] Check Pods Manifest.lock */,
				1C0CB4E2240EFB4600F7DD32 /* Sources */,
				DFB0239877068BC5B3A64197 /* [CP] Embed Pods Frameworks */,
				1C0CB4E3240EFB4600F7DD32 /* Frameworks */,
				1C0CB4E4240EFB4600F7DD32 /* Resources */,
				1C0CB5A4240FD42000F7DD32 /* SwiftLint Abracadabra */,
			);
			buildRules = (
			);
			dependencies = (
			);
			name = VServer;
			productName = VServer;
			productReference = 1C0CB4E6240EFB4600F7DD32 /* VServer.app */;
			productType = "com.apple.product-type.application";
		};
		1C0CB4F9240EFB4700F7DD32 /* VServerTests */ = {
			isa = PBXNativeTarget;
			buildConfigurationList = 1C0CB511240EFB4700F7DD32 /* Build configuration list for PBXNativeTarget "VServerTests" */;
			buildPhases = (
				D20ABBC78E621E4BBE0EA20E /* [CP] Check Pods Manifest.lock */,
				1C0CB4F6240EFB4700F7DD32 /* Sources */,
				1C0CB4F7240EFB4700F7DD32 /* Frameworks */,
				1C0CB4F8240EFB4700F7DD32 /* Resources */,
				8C48229CD256A7DCFD3D4807 /* [CP] Embed Pods Frameworks */,
			);
			buildRules = (
			);
			dependencies = (
				1C0CB4FC240EFB4700F7DD32 /* PBXTargetDependency */,
			);
			name = VServerTests;
			productName = VServerTests;
			productReference = 1C0CB4FA240EFB4700F7DD32 /* VServerTests.xctest */;
			productType = "com.apple.product-type.bundle.unit-test";
		};
		1C0CB504240EFB4700F7DD32 /* VServerUITests */ = {
			isa = PBXNativeTarget;
			buildConfigurationList = 1C0CB514240EFB4700F7DD32 /* Build configuration list for PBXNativeTarget "VServerUITests" */;
			buildPhases = (
				8404757F615C78B0F5A75A85 /* [CP] Check Pods Manifest.lock */,
				1C0CB501240EFB4700F7DD32 /* Sources */,
				1C0CB502240EFB4700F7DD32 /* Frameworks */,
				1C0CB503240EFB4700F7DD32 /* Resources */,
				D46980E1AF256C995725F06F /* [CP] Embed Pods Frameworks */,
			);
			buildRules = (
			);
			dependencies = (
				1C0CB507240EFB4700F7DD32 /* PBXTargetDependency */,
			);
			name = VServerUITests;
			productName = VServerUITests;
			productReference = 1C0CB505240EFB4700F7DD32 /* VServerUITests.xctest */;
			productType = "com.apple.product-type.bundle.ui-testing";
		};
		1C3C96C3241066B800F9E5AC /* VServerSnapshotTests */ = {
			isa = PBXNativeTarget;
			buildConfigurationList = 1C3C96CB241066B800F9E5AC /* Build configuration list for PBXNativeTarget "VServerSnapshotTests" */;
			buildPhases = (
				1C3C96C0241066B800F9E5AC /* Sources */,
				1C3C96C1241066B800F9E5AC /* Frameworks */,
				1C3C96C2241066B800F9E5AC /* Resources */,
			);
			buildRules = (
			);
			dependencies = (
				1C3C96CA241066B800F9E5AC /* PBXTargetDependency */,
			);
			name = VServerSnapshotTests;
			productName = VServerSnapshotTests;
			productReference = 1C3C96C4241066B800F9E5AC /* VServerSnapshotTests.xctest */;
			productType = "com.apple.product-type.bundle.unit-test";
		};
/* End PBXNativeTarget section */

/* Begin PBXProject section */
		1C0CB4DE240EFB4600F7DD32 /* Project object */ = {
			isa = PBXProject;
			attributes = {
				LastSwiftUpdateCheck = 1030;
				LastUpgradeCheck = 1030;
				ORGANIZATIONNAME = "Thirstysea Ltd";
				TargetAttributes = {
					1C0CB4E5240EFB4600F7DD32 = {
						CreatedOnToolsVersion = 10.3;
					};
					1C0CB4F9240EFB4700F7DD32 = {
						CreatedOnToolsVersion = 10.3;
						TestTargetID = 1C0CB4E5240EFB4600F7DD32;
					};
					1C0CB504240EFB4700F7DD32 = {
						CreatedOnToolsVersion = 10.3;
						TestTargetID = 1C0CB4E5240EFB4600F7DD32;
					};
					1C3C96C3241066B800F9E5AC = {
						CreatedOnToolsVersion = 10.3;
						TestTargetID = 1C0CB4E5240EFB4600F7DD32;
					};
				};
			};
			buildConfigurationList = 1C0CB4E1240EFB4600F7DD32 /* Build configuration list for PBXProject "VServer" */;
			compatibilityVersion = "Xcode 9.3";
			developmentRegion = en;
			hasScannedForEncodings = 0;
			knownRegions = (
				en,
				Base,
				fr,
			);
			mainGroup = 1C0CB4DD240EFB4600F7DD32;
			productRefGroup = 1C0CB4E7240EFB4600F7DD32 /* Products */;
			projectDirPath = "";
			projectRoot = "";
			targets = (
				1C0CB4E5240EFB4600F7DD32 /* VServer */,
				1C0CB4F9240EFB4700F7DD32 /* VServerTests */,
				1C0CB504240EFB4700F7DD32 /* VServerUITests */,
				1C3C96C3241066B800F9E5AC /* VServerSnapshotTests */,
			);
		};
/* End PBXProject section */

/* Begin PBXResourcesBuildPhase section */
		1C0CB4E4240EFB4600F7DD32 /* Resources */ = {
			isa = PBXResourcesBuildPhase;
			buildActionMask = 2147483647;
			files = (
				1C0CB59D240FD0C700F7DD32 /* Localizable.strings in Resources */,
				1C0CB4F4240EFB4700F7DD32 /* LaunchScreen.storyboard in Resources */,
				1C3C96BD24105FFE00F9E5AC /* Success.storyboard in Resources */,
				1C0CB4F1240EFB4700F7DD32 /* Assets.xcassets in Resources */,
				1C3C96BB24105FF400F9E5AC /* Login.storyboard in Resources */,
				1C0CB5AA240FEB4100F7DD32 /* Server.storyboard in Resources */,
			);
			runOnlyForDeploymentPostprocessing = 0;
		};
		1C0CB4F8240EFB4700F7DD32 /* Resources */ = {
			isa = PBXResourcesBuildPhase;
			buildActionMask = 2147483647;
			files = (
			);
			runOnlyForDeploymentPostprocessing = 0;
		};
		1C0CB503240EFB4700F7DD32 /* Resources */ = {
			isa = PBXResourcesBuildPhase;
			buildActionMask = 2147483647;
			files = (
			);
			runOnlyForDeploymentPostprocessing = 0;
		};
		1C3C96C2241066B800F9E5AC /* Resources */ = {
			isa = PBXResourcesBuildPhase;
			buildActionMask = 2147483647;
			files = (
			);
			runOnlyForDeploymentPostprocessing = 0;
		};
/* End PBXResourcesBuildPhase section */

/* Begin PBXShellScriptBuildPhase section */
		1C0CB5A4240FD42000F7DD32 /* SwiftLint Abracadabra */ = {
			isa = PBXShellScriptBuildPhase;
			buildActionMask = 2147483647;
			files = (
			);
			inputFileListPaths = (
			);
			inputPaths = (
			);
			name = "SwiftLint Abracadabra";
			outputFileListPaths = (
			);
			outputPaths = (
			);
			runOnlyForDeploymentPostprocessing = 0;
			shellPath = /bin/sh;
			shellScript = "${PODS_ROOT}/SwiftLint/swiftlint\n";
		};
		8404757F615C78B0F5A75A85 /* [CP] Check Pods Manifest.lock */ = {
			isa = PBXShellScriptBuildPhase;
			buildActionMask = 2147483647;
			files = (
			);
			inputFileListPaths = (
			);
			inputPaths = (
				"${PODS_PODFILE_DIR_PATH}/Podfile.lock",
				"${PODS_ROOT}/Manifest.lock",
			);
			name = "[CP] Check Pods Manifest.lock";
			outputFileListPaths = (
			);
			outputPaths = (
				"$(DERIVED_FILE_DIR)/Pods-VServer-VServerUITests-checkManifestLockResult.txt",
			);
			runOnlyForDeploymentPostprocessing = 0;
			shellPath = /bin/sh;
			shellScript = "diff \"${PODS_PODFILE_DIR_PATH}/Podfile.lock\" \"${PODS_ROOT}/Manifest.lock\" > /dev/null\nif [ $? != 0 ] ; then\n    # print error to STDERR\n    echo \"error: The sandbox is not in sync with the Podfile.lock. Run 'pod install' or update your CocoaPods installation.\" >&2\n    exit 1\nfi\n# This output is used by Xcode 'outputs' to avoid re-running this script phase.\necho \"SUCCESS\" > \"${SCRIPT_OUTPUT_FILE_0}\"\n";
			showEnvVarsInLog = 0;
		};
		8C48229CD256A7DCFD3D4807 /* [CP] Embed Pods Frameworks */ = {
			isa = PBXShellScriptBuildPhase;
			buildActionMask = 2147483647;
			files = (
			);
			inputFileListPaths = (
				"${PODS_ROOT}/Target Support Files/Pods-VServerTests/Pods-VServerTests-frameworks-${CONFIGURATION}-input-files.xcfilelist",
			);
			name = "[CP] Embed Pods Frameworks";
			outputFileListPaths = (
				"${PODS_ROOT}/Target Support Files/Pods-VServerTests/Pods-VServerTests-frameworks-${CONFIGURATION}-output-files.xcfilelist",
			);
			runOnlyForDeploymentPostprocessing = 0;
			shellPath = /bin/sh;
			shellScript = "\"${PODS_ROOT}/Target Support Files/Pods-VServerTests/Pods-VServerTests-frameworks.sh\"\n";
			showEnvVarsInLog = 0;
		};
		B091A1C28C8E236D6F12311E /* [CP] Check Pods Manifest.lock */ = {
			isa = PBXShellScriptBuildPhase;
			buildActionMask = 2147483647;
			files = (
			);
			inputFileListPaths = (
			);
			inputPaths = (
				"${PODS_PODFILE_DIR_PATH}/Podfile.lock",
				"${PODS_ROOT}/Manifest.lock",
			);
			name = "[CP] Check Pods Manifest.lock";
			outputFileListPaths = (
			);
			outputPaths = (
				"$(DERIVED_FILE_DIR)/Pods-VServer-checkManifestLockResult.txt",
			);
			runOnlyForDeploymentPostprocessing = 0;
			shellPath = /bin/sh;
			shellScript = "diff \"${PODS_PODFILE_DIR_PATH}/Podfile.lock\" \"${PODS_ROOT}/Manifest.lock\" > /dev/null\nif [ $? != 0 ] ; then\n    # print error to STDERR\n    echo \"error: The sandbox is not in sync with the Podfile.lock. Run 'pod install' or update your CocoaPods installation.\" >&2\n    exit 1\nfi\n# This output is used by Xcode 'outputs' to avoid re-running this script phase.\necho \"SUCCESS\" > \"${SCRIPT_OUTPUT_FILE_0}\"\n";
			showEnvVarsInLog = 0;
		};
		D20ABBC78E621E4BBE0EA20E /* [CP] Check Pods Manifest.lock */ = {
			isa = PBXShellScriptBuildPhase;
			buildActionMask = 2147483647;
			files = (
			);
			inputFileListPaths = (
			);
			inputPaths = (
				"${PODS_PODFILE_DIR_PATH}/Podfile.lock",
				"${PODS_ROOT}/Manifest.lock",
			);
			name = "[CP] Check Pods Manifest.lock";
			outputFileListPaths = (
			);
			outputPaths = (
				"$(DERIVED_FILE_DIR)/Pods-VServerTests-checkManifestLockResult.txt",
			);
			runOnlyForDeploymentPostprocessing = 0;
			shellPath = /bin/sh;
			shellScript = "diff \"${PODS_PODFILE_DIR_PATH}/Podfile.lock\" \"${PODS_ROOT}/Manifest.lock\" > /dev/null\nif [ $? != 0 ] ; then\n    # print error to STDERR\n    echo \"error: The sandbox is not in sync with the Podfile.lock. Run 'pod install' or update your CocoaPods installation.\" >&2\n    exit 1\nfi\n# This output is used by Xcode 'outputs' to avoid re-running this script phase.\necho \"SUCCESS\" > \"${SCRIPT_OUTPUT_FILE_0}\"\n";
			showEnvVarsInLog = 0;
		};
		D46980E1AF256C995725F06F /* [CP] Embed Pods Frameworks */ = {
			isa = PBXShellScriptBuildPhase;
			buildActionMask = 2147483647;
			files = (
			);
			inputFileListPaths = (
				"${PODS_ROOT}/Target Support Files/Pods-VServer-VServerUITests/Pods-VServer-VServerUITests-frameworks-${CONFIGURATION}-input-files.xcfilelist",
			);
			name = "[CP] Embed Pods Frameworks";
			outputFileListPaths = (
				"${PODS_ROOT}/Target Support Files/Pods-VServer-VServerUITests/Pods-VServer-VServerUITests-frameworks-${CONFIGURATION}-output-files.xcfilelist",
			);
			runOnlyForDeploymentPostprocessing = 0;
			shellPath = /bin/sh;
			shellScript = "\"${PODS_ROOT}/Target Support Files/Pods-VServer-VServerUITests/Pods-VServer-VServerUITests-frameworks.sh\"\n";
			showEnvVarsInLog = 0;
		};
		DFB0239877068BC5B3A64197 /* [CP] Embed Pods Frameworks */ = {
			isa = PBXShellScriptBuildPhase;
			buildActionMask = 2147483647;
			files = (
			);
			inputFileListPaths = (
				"${PODS_ROOT}/Target Support Files/Pods-VServer/Pods-VServer-frameworks-${CONFIGURATION}-input-files.xcfilelist",
			);
			name = "[CP] Embed Pods Frameworks";
			outputFileListPaths = (
				"${PODS_ROOT}/Target Support Files/Pods-VServer/Pods-VServer-frameworks-${CONFIGURATION}-output-files.xcfilelist",
			);
			runOnlyForDeploymentPostprocessing = 0;
			shellPath = /bin/sh;
			shellScript = "\"${PODS_ROOT}/Target Support Files/Pods-VServer/Pods-VServer-frameworks.sh\"\n";
			showEnvVarsInLog = 0;
		};
/* End PBXShellScriptBuildPhase section */

/* Begin PBXSourcesBuildPhase section */
		1C0CB4E2240EFB4600F7DD32 /* Sources */ = {
			isa = PBXSourcesBuildPhase;
			buildActionMask = 2147483647;
			files = (
				1C0CB5A7240FD66F00F7DD32 /* Networking.swift in Sources */,
				1C3C96D224109F4900F9E5AC /* Networking+Rx.swift in Sources */,
				1C0CB5B2240FEF8E00F7DD32 /* UIViewController+Storyboard.swift in Sources */,
				1C0CB5AD240FEE0400F7DD32 /* UITextField+Rx.swift in Sources */,
				1C0CB5A3240FD1B200F7DD32 /* String+VServer.swift in Sources */,
				1C0CB4EA240EFB4600F7DD32 /* AppDelegate.swift in Sources */,
				1C0CB51F240F031D00F7DD32 /* ViewModelType.swift in Sources */,
				1C0CB53B240FC11A00F7DD32 /* Validator.swift in Sources */,
				1C3C96B124105FAD00F9E5AC /* LoginViewModel.swift in Sources */,
				1C3C96AD24105F7C00F9E5AC /* SuccessViewController.swift in Sources */,
				1C0CB523240F4D0400F7DD32 /* ServerViewController.swift in Sources */,
				1C3C96D42410BDE300F9E5AC /* Coordinator+Rx.swift in Sources */,
				1C0CB521240F4CE700F7DD32 /* ServerViewModel.swift in Sources */,
				1C3C96B324105FBA00F9E5AC /* LoginViewController.swift in Sources */,
				1C3C96A724105F4C00F9E5AC /* SuccessViewModel.swift in Sources */,
				1C3C96A52410090B00F9E5AC /* ViewHelper.swift in Sources */,
				1C0CB530240F4E3400F7DD32 /* Coordinator.swift in Sources */,
			);
			runOnlyForDeploymentPostprocessing = 0;
		};
		1C0CB4F6240EFB4700F7DD32 /* Sources */ = {
			isa = PBXSourcesBuildPhase;
			buildActionMask = 2147483647;
			files = (
				1C0CB53D240FC13300F7DD32 /* ValidatorTests.swift in Sources */,
				1C3C96A924105F5800F9E5AC /* SuccessViewModelTests.swift in Sources */,
				1C0CB527240F4D2600F7DD32 /* ServerViewModelTests.swift in Sources */,
				1C3C96B524105FC800F9E5AC /* LoginViewModelTests.swift in Sources */,
			);
			runOnlyForDeploymentPostprocessing = 0;
		};
		1C0CB501240EFB4700F7DD32 /* Sources */ = {
			isa = PBXSourcesBuildPhase;
			buildActionMask = 2147483647;
			files = (
				1C3C96BF2410662700F9E5AC /* LoginViewControllerUITests.swift in Sources */,
				1C3C96BE2410661E00F9E5AC /* SuccessViewControllerUITests.swift in Sources */,
				1C3C96A2240FF7CD00F9E5AC /* XCUIElement+VServer.swift in Sources */,
				1C0CB529240F4D6B00F7DD32 /* ServerViewControllerUITests.swift in Sources */,
			);
			runOnlyForDeploymentPostprocessing = 0;
		};
		1C3C96C0241066B800F9E5AC /* Sources */ = {
			isa = PBXSourcesBuildPhase;
			buildActionMask = 2147483647;
			files = (
				1C3C96CF2410672D00F9E5AC /* LoginViewControllerSnapshotTests.swift in Sources */,
				1C3C96D02410673200F9E5AC /* ServerViewControllerSnapshotTests.swift in Sources */,
				1C3C96CE2410672600F9E5AC /* SuccessViewControllerSnapshotTests.swift in Sources */,
			);
			runOnlyForDeploymentPostprocessing = 0;
		};
/* End PBXSourcesBuildPhase section */

/* Begin PBXTargetDependency section */
		1C0CB4FC240EFB4700F7DD32 /* PBXTargetDependency */ = {
			isa = PBXTargetDependency;
			target = 1C0CB4E5240EFB4600F7DD32 /* VServer */;
			targetProxy = 1C0CB4FB240EFB4700F7DD32 /* PBXContainerItemProxy */;
		};
		1C0CB507240EFB4700F7DD32 /* PBXTargetDependency */ = {
			isa = PBXTargetDependency;
			target = 1C0CB4E5240EFB4600F7DD32 /* VServer */;
			targetProxy = 1C0CB506240EFB4700F7DD32 /* PBXContainerItemProxy */;
		};
		1C3C96CA241066B800F9E5AC /* PBXTargetDependency */ = {
			isa = PBXTargetDependency;
			target = 1C0CB4E5240EFB4600F7DD32 /* VServer */;
			targetProxy = 1C3C96C9241066B800F9E5AC /* PBXContainerItemProxy */;
		};
/* End PBXTargetDependency section */

/* Begin PBXVariantGroup section */
		1C0CB4F2240EFB4700F7DD32 /* LaunchScreen.storyboard */ = {
			isa = PBXVariantGroup;
			children = (
				1C0CB4F3240EFB4700F7DD32 /* Base */,
				1C0CB599240FD0B000F7DD32 /* fr */,
			);
			name = LaunchScreen.storyboard;
			sourceTree = "<group>";
		};
		1C0CB59F240FD0C700F7DD32 /* Localizable.strings */ = {
			isa = PBXVariantGroup;
			children = (
				1C0CB59E240FD0C700F7DD32 /* en */,
				1C0CB5A0240FD0CB00F7DD32 /* fr */,
			);
			name = Localizable.strings;
			sourceTree = "<group>";
		};
/* End PBXVariantGroup section */

/* Begin XCBuildConfiguration section */
		1C0CB50C240EFB4700F7DD32 /* Debug */ = {
			isa = XCBuildConfiguration;
			buildSettings = {
				ALWAYS_SEARCH_USER_PATHS = NO;
				CLANG_ANALYZER_LOCALIZABILITY_NONLOCALIZED = YES;
				CLANG_ANALYZER_NONNULL = YES;
				CLANG_ANALYZER_NUMBER_OBJECT_CONVERSION = YES_AGGRESSIVE;
				CLANG_CXX_LANGUAGE_STANDARD = "gnu++14";
				CLANG_CXX_LIBRARY = "libc++";
				CLANG_ENABLE_MODULES = YES;
				CLANG_ENABLE_OBJC_ARC = YES;
				CLANG_ENABLE_OBJC_WEAK = YES;
				CLANG_WARN_BLOCK_CAPTURE_AUTORELEASING = YES;
				CLANG_WARN_BOOL_CONVERSION = YES;
				CLANG_WARN_COMMA = YES;
				CLANG_WARN_CONSTANT_CONVERSION = YES;
				CLANG_WARN_DEPRECATED_OBJC_IMPLEMENTATIONS = YES;
				CLANG_WARN_DIRECT_OBJC_ISA_USAGE = YES_ERROR;
				CLANG_WARN_DOCUMENTATION_COMMENTS = YES;
				CLANG_WARN_EMPTY_BODY = YES;
				CLANG_WARN_ENUM_CONVERSION = YES;
				CLANG_WARN_INFINITE_RECURSION = YES;
				CLANG_WARN_INT_CONVERSION = YES;
				CLANG_WARN_NON_LITERAL_NULL_CONVERSION = YES;
				CLANG_WARN_OBJC_IMPLICIT_RETAIN_SELF = YES;
				CLANG_WARN_OBJC_LITERAL_CONVERSION = YES;
				CLANG_WARN_OBJC_ROOT_CLASS = YES_ERROR;
				CLANG_WARN_RANGE_LOOP_ANALYSIS = YES;
				CLANG_WARN_STRICT_PROTOTYPES = YES;
				CLANG_WARN_SUSPICIOUS_MOVE = YES;
				CLANG_WARN_UNGUARDED_AVAILABILITY = YES_AGGRESSIVE;
				CLANG_WARN_UNREACHABLE_CODE = YES;
				CLANG_WARN__DUPLICATE_METHOD_MATCH = YES;
				CODE_SIGN_IDENTITY = "iPhone Developer";
				COPY_PHASE_STRIP = NO;
				DEBUG_INFORMATION_FORMAT = dwarf;
				ENABLE_STRICT_OBJC_MSGSEND = YES;
				ENABLE_TESTABILITY = YES;
				GCC_C_LANGUAGE_STANDARD = gnu11;
				GCC_DYNAMIC_NO_PIC = NO;
				GCC_NO_COMMON_BLOCKS = YES;
				GCC_OPTIMIZATION_LEVEL = 0;
				GCC_PREPROCESSOR_DEFINITIONS = (
					"DEBUG=1",
					"$(inherited)",
				);
				GCC_WARN_64_TO_32_BIT_CONVERSION = YES;
				GCC_WARN_ABOUT_RETURN_TYPE = YES_ERROR;
				GCC_WARN_UNDECLARED_SELECTOR = YES;
				GCC_WARN_UNINITIALIZED_AUTOS = YES_AGGRESSIVE;
				GCC_WARN_UNUSED_FUNCTION = YES;
				GCC_WARN_UNUSED_VARIABLE = YES;
				IPHONEOS_DEPLOYMENT_TARGET = 12.4;
				MTL_ENABLE_DEBUG_INFO = INCLUDE_SOURCE;
				MTL_FAST_MATH = YES;
				ONLY_ACTIVE_ARCH = YES;
				SDKROOT = iphoneos;
				SWIFT_ACTIVE_COMPILATION_CONDITIONS = DEBUG;
				SWIFT_OPTIMIZATION_LEVEL = "-Onone";
			};
			name = Debug;
		};
		1C0CB50D240EFB4700F7DD32 /* Release */ = {
			isa = XCBuildConfiguration;
			buildSettings = {
				ALWAYS_SEARCH_USER_PATHS = NO;
				CLANG_ANALYZER_LOCALIZABILITY_NONLOCALIZED = YES;
				CLANG_ANALYZER_NONNULL = YES;
				CLANG_ANALYZER_NUMBER_OBJECT_CONVERSION = YES_AGGRESSIVE;
				CLANG_CXX_LANGUAGE_STANDARD = "gnu++14";
				CLANG_CXX_LIBRARY = "libc++";
				CLANG_ENABLE_MODULES = YES;
				CLANG_ENABLE_OBJC_ARC = YES;
				CLANG_ENABLE_OBJC_WEAK = YES;
				CLANG_WARN_BLOCK_CAPTURE_AUTORELEASING = YES;
				CLANG_WARN_BOOL_CONVERSION = YES;
				CLANG_WARN_COMMA = YES;
				CLANG_WARN_CONSTANT_CONVERSION = YES;
				CLANG_WARN_DEPRECATED_OBJC_IMPLEMENTATIONS = YES;
				CLANG_WARN_DIRECT_OBJC_ISA_USAGE = YES_ERROR;
				CLANG_WARN_DOCUMENTATION_COMMENTS = YES;
				CLANG_WARN_EMPTY_BODY = YES;
				CLANG_WARN_ENUM_CONVERSION = YES;
				CLANG_WARN_INFINITE_RECURSION = YES;
				CLANG_WARN_INT_CONVERSION = YES;
				CLANG_WARN_NON_LITERAL_NULL_CONVERSION = YES;
				CLANG_WARN_OBJC_IMPLICIT_RETAIN_SELF = YES;
				CLANG_WARN_OBJC_LITERAL_CONVERSION = YES;
				CLANG_WARN_OBJC_ROOT_CLASS = YES_ERROR;
				CLANG_WARN_RANGE_LOOP_ANALYSIS = YES;
				CLANG_WARN_STRICT_PROTOTYPES = YES;
				CLANG_WARN_SUSPICIOUS_MOVE = YES;
				CLANG_WARN_UNGUARDED_AVAILABILITY = YES_AGGRESSIVE;
				CLANG_WARN_UNREACHABLE_CODE = YES;
				CLANG_WARN__DUPLICATE_METHOD_MATCH = YES;
				CODE_SIGN_IDENTITY = "iPhone Developer";
				COPY_PHASE_STRIP = NO;
				DEBUG_INFORMATION_FORMAT = "dwarf-with-dsym";
				ENABLE_NS_ASSERTIONS = NO;
				ENABLE_STRICT_OBJC_MSGSEND = YES;
				GCC_C_LANGUAGE_STANDARD = gnu11;
				GCC_NO_COMMON_BLOCKS = YES;
				GCC_WARN_64_TO_32_BIT_CONVERSION = YES;
				GCC_WARN_ABOUT_RETURN_TYPE = YES_ERROR;
				GCC_WARN_UNDECLARED_SELECTOR = YES;
				GCC_WARN_UNINITIALIZED_AUTOS = YES_AGGRESSIVE;
				GCC_WARN_UNUSED_FUNCTION = YES;
				GCC_WARN_UNUSED_VARIABLE = YES;
				IPHONEOS_DEPLOYMENT_TARGET = 12.4;
				MTL_ENABLE_DEBUG_INFO = NO;
				MTL_FAST_MATH = YES;
				SDKROOT = iphoneos;
				SWIFT_COMPILATION_MODE = wholemodule;
				SWIFT_OPTIMIZATION_LEVEL = "-O";
				VALIDATE_PRODUCT = YES;
			};
			name = Release;
		};
		1C0CB50F240EFB4700F7DD32 /* Debug */ = {
			isa = XCBuildConfiguration;
			baseConfigurationReference = 8FDC12A9702BC1C4976B521D /* Pods-VServer.debug.xcconfig */;
			buildSettings = {
				ASSETCATALOG_COMPILER_APPICON_NAME = AppIcon;
				CODE_SIGN_STYLE = Automatic;
				INFOPLIST_FILE = VServer/Info.plist;
				LD_RUNPATH_SEARCH_PATHS = (
					"$(inherited)",
					"@executable_path/Frameworks",
				);
				PRODUCT_BUNDLE_IDENTIFIER = com.thirstysea.VServer;
				PRODUCT_NAME = "$(TARGET_NAME)";
				SWIFT_VERSION = 5.0;
				TARGETED_DEVICE_FAMILY = "1,2";
			};
			name = Debug;
		};
		1C0CB510240EFB4700F7DD32 /* Release */ = {
			isa = XCBuildConfiguration;
			baseConfigurationReference = D2998B1BF1C5589688CE61EC /* Pods-VServer.release.xcconfig */;
			buildSettings = {
				ASSETCATALOG_COMPILER_APPICON_NAME = AppIcon;
				CODE_SIGN_STYLE = Automatic;
				INFOPLIST_FILE = VServer/Info.plist;
				LD_RUNPATH_SEARCH_PATHS = (
					"$(inherited)",
					"@executable_path/Frameworks",
				);
				PRODUCT_BUNDLE_IDENTIFIER = com.thirstysea.VServer;
				PRODUCT_NAME = "$(TARGET_NAME)";
				SWIFT_VERSION = 5.0;
				TARGETED_DEVICE_FAMILY = "1,2";
			};
			name = Release;
		};
		1C0CB512240EFB4700F7DD32 /* Debug */ = {
			isa = XCBuildConfiguration;
			baseConfigurationReference = 43A5C25CA618F1099EDF11B6 /* Pods-VServerTests.debug.xcconfig */;
			buildSettings = {
				ALWAYS_EMBED_SWIFT_STANDARD_LIBRARIES = YES;
				BUNDLE_LOADER = "$(TEST_HOST)";
				CODE_SIGN_STYLE = Automatic;
				INFOPLIST_FILE = VServerTests/Info.plist;
				LD_RUNPATH_SEARCH_PATHS = (
					"$(inherited)",
					"@executable_path/Frameworks",
					"@loader_path/Frameworks",
				);
				PRODUCT_BUNDLE_IDENTIFIER = com.thirstysea.VServerTests;
				PRODUCT_NAME = "$(TARGET_NAME)";
				SWIFT_VERSION = 5.0;
				TARGETED_DEVICE_FAMILY = "1,2";
				TEST_HOST = "$(BUILT_PRODUCTS_DIR)/VServer.app/VServer";
			};
			name = Debug;
		};
		1C0CB513240EFB4700F7DD32 /* Release */ = {
			isa = XCBuildConfiguration;
			baseConfigurationReference = 5708F70223FCCDBDBCF329C1 /* Pods-VServerTests.release.xcconfig */;
			buildSettings = {
				ALWAYS_EMBED_SWIFT_STANDARD_LIBRARIES = YES;
				BUNDLE_LOADER = "$(TEST_HOST)";
				CODE_SIGN_STYLE = Automatic;
				INFOPLIST_FILE = VServerTests/Info.plist;
				LD_RUNPATH_SEARCH_PATHS = (
					"$(inherited)",
					"@executable_path/Frameworks",
					"@loader_path/Frameworks",
				);
				PRODUCT_BUNDLE_IDENTIFIER = com.thirstysea.VServerTests;
				PRODUCT_NAME = "$(TARGET_NAME)";
				SWIFT_VERSION = 5.0;
				TARGETED_DEVICE_FAMILY = "1,2";
				TEST_HOST = "$(BUILT_PRODUCTS_DIR)/VServer.app/VServer";
			};
			name = Release;
		};
		1C0CB515240EFB4700F7DD32 /* Debug */ = {
			isa = XCBuildConfiguration;
			baseConfigurationReference = E0D8C849199369E1C826E96C /* Pods-VServer-VServerUITests.debug.xcconfig */;
			buildSettings = {
				ALWAYS_EMBED_SWIFT_STANDARD_LIBRARIES = YES;
				CODE_SIGN_STYLE = Automatic;
				INFOPLIST_FILE = VServerUITests/Info.plist;
				LD_RUNPATH_SEARCH_PATHS = (
					"$(inherited)",
					"@executable_path/Frameworks",
					"@loader_path/Frameworks",
				);
				PRODUCT_BUNDLE_IDENTIFIER = com.thirstysea.VServerUITests;
				PRODUCT_NAME = "$(TARGET_NAME)";
				SWIFT_VERSION = 5.0;
				TARGETED_DEVICE_FAMILY = "1,2";
				TEST_TARGET_NAME = VServer;
			};
			name = Debug;
		};
		1C0CB516240EFB4700F7DD32 /* Release */ = {
			isa = XCBuildConfiguration;
			baseConfigurationReference = 766FB39E53E89ADB105DE4A0 /* Pods-VServer-VServerUITests.release.xcconfig */;
			buildSettings = {
				ALWAYS_EMBED_SWIFT_STANDARD_LIBRARIES = YES;
				CODE_SIGN_STYLE = Automatic;
				INFOPLIST_FILE = VServerUITests/Info.plist;
				LD_RUNPATH_SEARCH_PATHS = (
					"$(inherited)",
					"@executable_path/Frameworks",
					"@loader_path/Frameworks",
				);
				PRODUCT_BUNDLE_IDENTIFIER = com.thirstysea.VServerUITests;
				PRODUCT_NAME = "$(TARGET_NAME)";
				SWIFT_VERSION = 5.0;
				TARGETED_DEVICE_FAMILY = "1,2";
				TEST_TARGET_NAME = VServer;
			};
			name = Release;
		};
		1C3C96CC241066B800F9E5AC /* Debug */ = {
			isa = XCBuildConfiguration;
			buildSettings = {
				BUNDLE_LOADER = "$(TEST_HOST)";
				CODE_SIGN_STYLE = Automatic;
				INFOPLIST_FILE = VServerSnapshotTests/Info.plist;
				LD_RUNPATH_SEARCH_PATHS = (
					"$(inherited)",
					"@executable_path/Frameworks",
					"@loader_path/Frameworks",
				);
				PRODUCT_BUNDLE_IDENTIFIER = com.thirstysea.VServerSnapshotTests;
				PRODUCT_NAME = "$(TARGET_NAME)";
				SWIFT_VERSION = 5.0;
				TARGETED_DEVICE_FAMILY = "1,2";
				TEST_HOST = "$(BUILT_PRODUCTS_DIR)/VServer.app/VServer";
			};
			name = Debug;
		};
		1C3C96CD241066B800F9E5AC /* Release */ = {
			isa = XCBuildConfiguration;
			buildSettings = {
				BUNDLE_LOADER = "$(TEST_HOST)";
				CODE_SIGN_STYLE = Automatic;
				INFOPLIST_FILE = VServerSnapshotTests/Info.plist;
				LD_RUNPATH_SEARCH_PATHS = (
					"$(inherited)",
					"@executable_path/Frameworks",
					"@loader_path/Frameworks",
				);
				PRODUCT_BUNDLE_IDENTIFIER = com.thirstysea.VServerSnapshotTests;
				PRODUCT_NAME = "$(TARGET_NAME)";
				SWIFT_VERSION = 5.0;
				TARGETED_DEVICE_FAMILY = "1,2";
				TEST_HOST = "$(BUILT_PRODUCTS_DIR)/VServer.app/VServer";
			};
			name = Release;
		};
/* End XCBuildConfiguration section */

/* Begin XCConfigurationList section */
		1C0CB4E1240EFB4600F7DD32 /* Build configuration list for PBXProject "VServer" */ = {
			isa = XCConfigurationList;
			buildConfigurations = (
				1C0CB50C240EFB4700F7DD32 /* Debug */,
				1C0CB50D240EFB4700F7DD32 /* Release */,
			);
			defaultConfigurationIsVisible = 0;
			defaultConfigurationName = Release;
		};
		1C0CB50E240EFB4700F7DD32 /* Build configuration list for PBXNativeTarget "VServer" */ = {
			isa = XCConfigurationList;
			buildConfigurations = (
				1C0CB50F240EFB4700F7DD32 /* Debug */,
				1C0CB510240EFB4700F7DD32 /* Release */,
			);
			defaultConfigurationIsVisible = 0;
			defaultConfigurationName = Release;
		};
		1C0CB511240EFB4700F7DD32 /* Build configuration list for PBXNativeTarget "VServerTests" */ = {
			isa = XCConfigurationList;
			buildConfigurations = (
				1C0CB512240EFB4700F7DD32 /* Debug */,
				1C0CB513240EFB4700F7DD32 /* Release */,
			);
			defaultConfigurationIsVisible = 0;
			defaultConfigurationName = Release;
		};
		1C0CB514240EFB4700F7DD32 /* Build configuration list for PBXNativeTarget "VServerUITests" */ = {
			isa = XCConfigurationList;
			buildConfigurations = (
				1C0CB515240EFB4700F7DD32 /* Debug */,
				1C0CB516240EFB4700F7DD32 /* Release */,
			);
			defaultConfigurationIsVisible = 0;
			defaultConfigurationName = Release;
		};
		1C3C96CB241066B800F9E5AC /* Build configuration list for PBXNativeTarget "VServerSnapshotTests" */ = {
			isa = XCConfigurationList;
			buildConfigurations = (
				1C3C96CC241066B800F9E5AC /* Debug */,
				1C3C96CD241066B800F9E5AC /* Release */,
			);
			defaultConfigurationIsVisible = 0;
			defaultConfigurationName = Release;
		};
/* End XCConfigurationList section */
	};
	rootObject = 1C0CB4DE240EFB4600F7DD32 /* Project object */;
}
